
Microsoft Visual Studio Solution File, Format Version 12.00
# Visual Studio Version 17
VisualStudioVersion = 17.7.34031.279
MinimumVisualStudioVersion = 10.0.40219.1
Project("{FAE04EC0-301F-11D3-BF4B-00C04F79EFBC}") = "calculadora2", "calculadora2\calculadora2.csproj", "{6948A679-1C0B-41B0-A2C9-64C32C0571E8}"
EndProject
Global
	GlobalSection(SolutionConfigurationPlatforms) = preSolution
		Debug|Any CPU = Debug|Any CPU
		Release|Any CPU = Release|Any CPU
	EndGlobalSection
	GlobalSection(ProjectConfigurationPlatforms) = postSolution
		{6948A679-1C0B-41B0-A2C9-64C32C0571E8}.Debug|Any CPU.ActiveCfg = Debug|Any CPU
		{6948A679-1C0B-41B0-A2C9-64C32C0571E8}.Debug|Any CPU.Build.0 = Debug|Any CPU
		{6948A679-1C0B-41B0-A2C9-64C32C0571E8}.Release|Any CPU.ActiveCfg = Release|Any CPU
		{6948A679-1C0B-41B0-A2C9-64C32C0571E8}.Release|Any CPU.Build.0 = Release|Any CPU
	EndGlobalSection
	GlobalSection(SolutionProperties) = preSolution
		HideSolutionNode = FALSE
	EndGlobalSection
	GlobalSection(ExtensibilityGlobals) = postSolution
		SolutionGuid = {576CF08E-512A-4B72-AB3A-C9BF8BBC8505}
	EndGlobalSection
EndGlobal
